// !$*UTF8*$!
{
	archiveVersion = 1;
	classes = {
	};
	objectVersion = 56;
	objects = {

/* Begin PBXBuildFile section */
		EC9AE23D29D4A2AF007A103B /* nthunga.infinityfreeapp.com in Resources */ = {isa = PBXBuildFile; fileRef = EC9AE23C29D4A2AF007A103B /* nthunga.infinityfreeapp.com */; };
		ECA96D1A29DD97650064E36A /* webassets.zip in Resources */ = {isa = PBXBuildFile; fileRef = ECA96D1929DD97650064E36A /* webassets.zip */; };
		ECA96D1F29DDAA230064E36A /* tempfolder in Resources */ = {isa = PBXBuildFile; fileRef = ECA96D1E29DDAA230064E36A /* tempfolder */; };
		ECA96D2129DE97DF0064E36A /* localassets in Resources */ = {isa = PBXBuildFile; fileRef = ECA96D2029DE97DF0064E36A /* localassets */; };
		ECA96D2329DE9F6E0064E36A /* Helper.swift in Sources */ = {isa = PBXBuildFile; fileRef = ECA96D2229DE9F6E0064E36A /* Helper.swift */; };
		ECAF251529C9AF6E0020F822 /* AppDelegate.swift in Sources */ = {isa = PBXBuildFile; fileRef = ECAF251429C9AF6E0020F822 /* AppDelegate.swift */; };
		ECAF251729C9AF6E0020F822 /* SceneDelegate.swift in Sources */ = {isa = PBXBuildFile; fileRef = ECAF251629C9AF6E0020F822 /* SceneDelegate.swift */; };
		ECAF251C29C9AF6E0020F822 /* Main.storyboard in Resources */ = {isa = PBXBuildFile; fileRef = ECAF251A29C9AF6E0020F822 /* Main.storyboard */; };
		ECAF251E29C9AF720020F822 /* Assets.xcassets in Resources */ = {isa = PBXBuildFile; fileRef = ECAF251D29C9AF720020F822 /* Assets.xcassets */; };
		ECAF252129C9AF720020F822 /* LaunchScreen.storyboard in Resources */ = {isa = PBXBuildFile; fileRef = ECAF251F29C9AF720020F822 /* LaunchScreen.storyboard */; };
		ECAF252929C9B3990020F822 /* WebViewController.swift in Sources */ = {isa = PBXBuildFile; fileRef = ECAF252829C9B3990020F822 /* WebViewController.swift */; };
		ECEC0F5E29DAC24B00F5CECA /* WebViewController+Extenstion.swift in Sources */ = {isa = PBXBuildFile; fileRef = ECEC0F5D29DAC24B00F5CECA /* WebViewController+Extenstion.swift */; };
		ECFC6F7A29DB064E001934B2 /* imageassets in Resources */ = {isa = PBXBuildFile; fileRef = ECFC6F7929DB064E001934B2 /* imageassets */; };
		ECFC6F8129DC302B001934B2 /* ZipArchive in Frameworks */ = {isa = PBXBuildFile; productRef = ECFC6F8029DC302B001934B2 /* ZipArchive */; };
/* End PBXBuildFile section */

/* Begin PBXFileReference section */
		EC9AE23C29D4A2AF007A103B /* nthunga.infinityfreeapp.com */ = {isa = PBXFileReference; lastKnownFileType = folder; path = nthunga.infinityfreeapp.com; sourceTree = "<group>"; };
		ECA96D1929DD97650064E36A /* webassets.zip */ = {isa = PBXFileReference; lastKnownFileType = archive.zip; path = webassets.zip; sourceTree = "<group>"; };
		ECA96D1E29DDAA230064E36A /* tempfolder */ = {isa = PBXFileReference; lastKnownFileType = folder; path = tempfolder; sourceTree = "<group>"; };
		ECA96D2029DE97DF0064E36A /* localassets */ = {isa = PBXFileReference; lastKnownFileType = folder; path = localassets; sourceTree = "<group>"; };
		ECA96D2229DE9F6E0064E36A /* Helper.swift */ = {isa = PBXFileReference; lastKnownFileType = sourcecode.swift; path = Helper.swift; sourceTree = "<group>"; };
		ECAF251129C9AF6E0020F822 /* SampleWebApp.app */ = {isa = PBXFileReference; explicitFileType = wrapper.application; includeInIndex = 0; path = SampleWebApp.app; sourceTree = BUILT_PRODUCTS_DIR; };
		ECAF251429C9AF6E0020F822 /* AppDelegate.swift */ = {isa = PBXFileReference; lastKnownFileType = sourcecode.swift; path = AppDelegate.swift; sourceTree = "<group>"; };
		ECAF251629C9AF6E0020F822 /* SceneDelegate.swift */ = {isa = PBXFileReference; lastKnownFileType = sourcecode.swift; path = SceneDelegate.swift; sourceTree = "<group>"; };
		ECAF251B29C9AF6E0020F822 /* Base */ = {isa = PBXFileReference; lastKnownFileType = file.storyboard; name = Base; path = Base.lproj/Main.storyboard; sourceTree = "<group>"; };
		ECAF251D29C9AF720020F822 /* Assets.xcassets */ = {isa = PBXFileReference; lastKnownFileType = folder.assetcatalog; path = Assets.xcassets; sourceTree = "<group>"; };
		ECAF252029C9AF720020F822 /* Base */ = {isa = PBXFileReference; lastKnownFileType = file.storyboard; name = Base; path = Base.lproj/LaunchScreen.storyboard; sourceTree = "<group>"; };
		ECAF252229C9AF720020F822 /* Info.plist */ = {isa = PBXFileReference; lastKnownFileType = text.plist.xml; path = Info.plist; sourceTree = "<group>"; };
		ECAF252829C9B3990020F822 /* WebViewController.swift */ = {isa = PBXFileReference; lastKnownFileType = sourcecode.swift; path = WebViewController.swift; sourceTree = "<group>"; };
		ECEC0F5D29DAC24B00F5CECA /* WebViewController+Extenstion.swift */ = {isa = PBXFileReference; lastKnownFileType = sourcecode.swift; path = "WebViewController+Extenstion.swift"; sourceTree = "<group>"; };
		ECFC6F7929DB064E001934B2 /* imageassets */ = {isa = PBXFileReference; lastKnownFileType = folder; path = imageassets; sourceTree = "<group>"; };
/* End PBXFileReference section */

/* Begin PBXFrameworksBuildPhase section */
		ECAF250E29C9AF6E0020F822 /* Frameworks */ = {
			isa = PBXFrameworksBuildPhase;
			buildActionMask = 2147483647;
			files = (
				ECFC6F8129DC302B001934B2 /* ZipArchive in Frameworks */,
			);
			runOnlyForDeploymentPostprocessing = 0;
		};
/* End PBXFrameworksBuildPhase section */

/* Begin PBXGroup section */
		ECAF250829C9AF6E0020F822 = {
			isa = PBXGroup;
			children = (
				ECAF251329C9AF6E0020F822 /* SampleWebApp */,
				ECAF251229C9AF6E0020F822 /* Products */,
			);
			sourceTree = "<group>";
		};
		ECAF251229C9AF6E0020F822 /* Products */ = {
			isa = PBXGroup;
			children = (
				ECAF251129C9AF6E0020F822 /* SampleWebApp.app */,
			);
			name = Products;
			sourceTree = "<group>";
		};
		ECAF251329C9AF6E0020F822 /* SampleWebApp */ = {
			isa = PBXGroup;
			children = (
				ECA96D2029DE97DF0064E36A /* localassets */,
				ECA96D1E29DDAA230064E36A /* tempfolder */,
				ECA96D1929DD97650064E36A /* webassets.zip */,
				ECFC6F7929DB064E001934B2 /* imageassets */,
				EC9AE23C29D4A2AF007A103B /* nthunga.infinityfreeapp.com */,
				ECAF251429C9AF6E0020F822 /* AppDelegate.swift */,
				ECAF251629C9AF6E0020F822 /* SceneDelegate.swift */,
				ECAF252829C9B3990020F822 /* WebViewController.swift */,
				ECEC0F5D29DAC24B00F5CECA /* WebViewController+Extenstion.swift */,
				ECA96D2229DE9F6E0064E36A /* Helper.swift */,
				ECAF251A29C9AF6E0020F822 /* Main.storyboard */,
				ECAF251D29C9AF720020F822 /* Assets.xcassets */,
				ECAF251F29C9AF720020F822 /* LaunchScreen.storyboard */,
				ECAF252229C9AF720020F822 /* Info.plist */,
			);
			path = SampleWebApp;
			sourceTree = "<group>";
		};
/* End PBXGroup section */

/* Begin PBXNativeTarget section */
		ECAF251029C9AF6E0020F822 /* SampleWebApp */ = {
			isa = PBXNativeTarget;
			buildConfigurationList = ECAF252529C9AF720020F822 /* Build configuration list for PBXNativeTarget "SampleWebApp" */;
			buildPhases = (
				ECAF250D29C9AF6E0020F822 /* Sources */,
				ECAF250E29C9AF6E0020F822 /* Frameworks */,
				ECAF250F29C9AF6E0020F822 /* Resources */,
			);
			buildRules = (
			);
			dependencies = (
			);
			name = SampleWebApp;
			packageProductDependencies = (
				ECFC6F8029DC302B001934B2 /* ZipArchive */,
			);
			productName = SampleWebApp;
			productReference = ECAF251129C9AF6E0020F822 /* SampleWebApp.app */;
			productType = "com.apple.product-type.application";
		};
/* End PBXNativeTarget section */

/* Begin PBXProject section */
		ECAF250929C9AF6E0020F822 /* Project object */ = {
			isa = PBXProject;
			attributes = {
				BuildIndependentTargetsInParallel = 1;
				LastSwiftUpdateCheck = 1420;
				LastUpgradeCheck = 1420;
				TargetAttributes = {
					ECAF251029C9AF6E0020F822 = {
						CreatedOnToolsVersion = 14.2;
					};
				};
			};
			buildConfigurationList = ECAF250C29C9AF6E0020F822 /* Build configuration list for PBXProject "SampleWebApp" */;
			compatibilityVersion = "Xcode 14.0";
			developmentRegion = en;
			hasScannedForEncodings = 0;
			knownRegions = (
				en,
				Base,
			);
			mainGroup = ECAF250829C9AF6E0020F822;
			packageReferences = (
				ECFC6F7F29DC302B001934B2 /* XCRemoteSwiftPackageReference "ZipArchive" */,
			);
			productRefGroup = ECAF251229C9AF6E0020F822 /* Products */;
			projectDirPath = "";
			projectRoot = "";
			targets = (
				ECAF251029C9AF6E0020F822 /* SampleWebApp */,
			);
		};
/* End PBXProject section */

/* Begin PBXResourcesBuildPhase section */
		ECAF250F29C9AF6E0020F822 /* Resources */ = {
			isa = PBXResourcesBuildPhase;
			buildActionMask = 2147483647;
			files = (
				EC9AE23D29D4A2AF007A103B /* nthunga.infinityfreeapp.com in Resources */,
				ECA96D2129DE97DF0064E36A /* localassets in Resources */,
				ECAF252129C9AF720020F822 /* LaunchScreen.storyboard in Resources */,
				ECAF251E29C9AF720020F822 /* Assets.xcassets in Resources */,
				ECA96D1F29DDAA230064E36A /* tempfolder in Resources */,
				ECA96D1A29DD97650064E36A /* webassets.zip in Resources */,
				ECFC6F7A29DB064E001934B2 /* imageassets in Resources */,
				ECAF251C29C9AF6E0020F822 /* Main.storyboard in Resources */,
			);
			runOnlyForDeploymentPostprocessing = 0;
		};
/* End PBXResourcesBuildPhase section */

/* Begin PBXSourcesBuildPhase section */
		ECAF250D29C9AF6E0020F822 /* Sources */ = {
			isa = PBXSourcesBuildPhase;
			buildActionMask = 2147483647;
			files = (
				ECAF251529C9AF6E0020F822 /* AppDelegate.swift in Sources */,
				ECAF251729C9AF6E0020F822 /* SceneDelegate.swift in Sources */,
				ECA96D2329DE9F6E0064E36A /* Helper.swift in Sources */,
				ECEC0F5E29DAC24B00F5CECA /* WebViewController+Extenstion.swift in Sources */,
				ECAF252929C9B3990020F822 /* WebViewController.swift in Sources */,
			);
			runOnlyForDeploymentPostprocessing = 0;
		};
/* End PBXSourcesBuildPhase section */

/* Begin PBXVariantGroup section */
		ECAF251A29C9AF6E0020F822 /* Main.storyboard */ = {
			isa = PBXVariantGroup;
			children = (
				ECAF251B29C9AF6E0020F822 /* Base */,
			);
			name = Main.storyboard;
			sourceTree = "<group>";
		};
		ECAF251F29C9AF720020F822 /* LaunchScreen.storyboard */ = {
			isa = PBXVariantGroup;
			children = (
				ECAF252029C9AF720020F822 /* Base */,
			);
			name = LaunchScreen.storyboard;
			sourceTree = "<group>";
		};
/* End PBXVariantGroup section */

/* Begin XCBuildConfiguration section */
		ECAF252329C9AF720020F822 /* Debug */ = {
			isa = XCBuildConfiguration;
			buildSettings = {
				ALWAYS_SEARCH_USER_PATHS = NO;
				CLANG_ANALYZER_NONNULL = YES;
				CLANG_ANALYZER_NUMBER_OBJECT_CONVERSION = YES_AGGRESSIVE;
				CLANG_CXX_LANGUAGE_STANDARD = "gnu++20";
				CLANG_ENABLE_MODULES = YES;
				CLANG_ENABLE_OBJC_ARC = YES;
				CLANG_ENABLE_OBJC_WEAK = YES;
				CLANG_WARN_BLOCK_CAPTURE_AUTORELEASING = YES;
				CLANG_WARN_BOOL_CONVERSION = YES;
				CLANG_WARN_COMMA = YES;
				CLANG_WARN_CONSTANT_CONVERSION = YES;
				CLANG_WARN_DEPRECATED_OBJC_IMPLEMENTATIONS = YES;
				CLANG_WARN_DIRECT_OBJC_ISA_USAGE = YES_ERROR;
				CLANG_WARN_DOCUMENTATION_COMMENTS = YES;
				CLANG_WARN_EMPTY_BODY = YES;
				CLANG_WARN_ENUM_CONVERSION = YES;
				CLANG_WARN_INFINITE_RECURSION = YES;
				CLANG_WARN_INT_CONVERSION = YES;
				CLANG_WARN_NON_LITERAL_NULL_CONVERSION = YES;
				CLANG_WARN_OBJC_IMPLICIT_RETAIN_SELF = YES;
				CLANG_WARN_OBJC_LITERAL_CONVERSION = YES;
				CLANG_WARN_OBJC_ROOT_CLASS = YES_ERROR;
				CLANG_WARN_QUOTED_INCLUDE_IN_FRAMEWORK_HEADER = YES;
				CLANG_WARN_RANGE_LOOP_ANALYSIS = YES;
				CLANG_WARN_STRICT_PROTOTYPES = YES;
				CLANG_WARN_SUSPICIOUS_MOVE = YES;
				CLANG_WARN_UNGUARDED_AVAILABILITY = YES_AGGRESSIVE;
				CLANG_WARN_UNREACHABLE_CODE = YES;
				CLANG_WARN__DUPLICATE_METHOD_MATCH = YES;
				COPY_PHASE_STRIP = NO;
				DEBUG_INFORMATION_FORMAT = dwarf;
				ENABLE_STRICT_OBJC_MSGSEND = YES;
				ENABLE_TESTABILITY = YES;
				GCC_C_LANGUAGE_STANDARD = gnu11;
				GCC_DYNAMIC_NO_PIC = NO;
				GCC_NO_COMMON_BLOCKS = YES;
				GCC_OPTIMIZATION_LEVEL = 0;
				GCC_PREPROCESSOR_DEFINITIONS = (
					"DEBUG=1",
					"$(inherited)",
				);
				GCC_WARN_64_TO_32_BIT_CONVERSION = YES;
				GCC_WARN_ABOUT_RETURN_TYPE = YES_ERROR;
				GCC_WARN_UNDECLARED_SELECTOR = YES;
				GCC_WARN_UNINITIALIZED_AUTOS = YES_AGGRESSIVE;
				GCC_WARN_UNUSED_FUNCTION = YES;
				GCC_WARN_UNUSED_VARIABLE = YES;
				IPHONEOS_DEPLOYMENT_TARGET = 16.2;
				MTL_ENABLE_DEBUG_INFO = INCLUDE_SOURCE;
				MTL_FAST_MATH = YES;
				ONLY_ACTIVE_ARCH = YES;
				SDKROOT = iphoneos;
				SWIFT_ACTIVE_COMPILATION_CONDITIONS = DEBUG;
				SWIFT_OPTIMIZATION_LEVEL = "-Onone";
			};
			name = Debug;
		};
		ECAF252429C9AF720020F822 /* Release */ = {
			isa = XCBuildConfiguration;
			buildSettings = {
				ALWAYS_SEARCH_USER_PATHS = NO;
				CLANG_ANALYZER_NONNULL = YES;
				CLANG_ANALYZER_NUMBER_OBJECT_CONVERSION = YES_AGGRESSIVE;
				CLANG_CXX_LANGUAGE_STANDARD = "gnu++20";
				CLANG_ENABLE_MODULES = YES;
				CLANG_ENABLE_OBJC_ARC = YES;
				CLANG_ENABLE_OBJC_WEAK = YES;
				CLANG_WARN_BLOCK_CAPTURE_AUTORELEASING = YES;
				CLANG_WARN_BOOL_CONVERSION = YES;
				CLANG_WARN_COMMA = YES;
				CLANG_WARN_CONSTANT_CONVERSION = YES;
				CLANG_WARN_DEPRECATED_OBJC_IMPLEMENTATIONS = YES;
				CLANG_WARN_DIRECT_OBJC_ISA_USAGE = YES_ERROR;
				CLANG_WARN_DOCUMENTATION_COMMENTS = YES;
				CLANG_WARN_EMPTY_BODY = YES;
				CLANG_WARN_ENUM_CONVERSION = YES;
				CLANG_WARN_INFINITE_RECURSION = YES;
				CLANG_WARN_INT_CONVERSION = YES;
				CLANG_WARN_NON_LITERAL_NULL_CONVERSION = YES;
				CLANG_WARN_OBJC_IMPLICIT_RETAIN_SELF = YES;
				CLANG_WARN_OBJC_LITERAL_CONVERSION = YES;
				CLANG_WARN_OBJC_ROOT_CLASS = YES_ERROR;
				CLANG_WARN_QUOTED_INCLUDE_IN_FRAMEWORK_HEADER = YES;
				CLANG_WARN_RANGE_LOOP_ANALYSIS = YES;
				CLANG_WARN_STRICT_PROTOTYPES = YES;
				CLANG_WARN_SUSPICIOUS_MOVE = YES;
				CLANG_WARN_UNGUARDED_AVAILABILITY = YES_AGGRESSIVE;
				CLANG_WARN_UNREACHABLE_CODE = YES;
				CLANG_WARN__DUPLICATE_METHOD_MATCH = YES;
				COPY_PHASE_STRIP = NO;
				DEBUG_INFORMATION_FORMAT = "dwarf-with-dsym";
				ENABLE_NS_ASSERTIONS = NO;
				ENABLE_STRICT_OBJC_MSGSEND = YES;
				GCC_C_LANGUAGE_STANDARD = gnu11;
				GCC_NO_COMMON_BLOCKS = YES;
				GCC_WARN_64_TO_32_BIT_CONVERSION = YES;
				GCC_WARN_ABOUT_RETURN_TYPE = YES_ERROR;
				GCC_WARN_UNDECLARED_SELECTOR = YES;
				GCC_WARN_UNINITIALIZED_AUTOS = YES_AGGRESSIVE;
				GCC_WARN_UNUSED_FUNCTION = YES;
				GCC_WARN_UNUSED_VARIABLE = YES;
				IPHONEOS_DEPLOYMENT_TARGET = 16.2;
				MTL_ENABLE_DEBUG_INFO = NO;
				MTL_FAST_MATH = YES;
				SDKROOT = iphoneos;
				SWIFT_COMPILATION_MODE = wholemodule;
				SWIFT_OPTIMIZATION_LEVEL = "-O";
				VALIDATE_PRODUCT = YES;
			};
			name = Release;
		};
		ECAF252629C9AF720020F822 /* Debug */ = {
			isa = XCBuildConfiguration;
			buildSettings = {
				ASSETCATALOG_COMPILER_APPICON_NAME = AppIcon;
				ASSETCATALOG_COMPILER_GLOBAL_ACCENT_COLOR_NAME = AccentColor;
				CODE_SIGN_STYLE = Automatic;
				CURRENT_PROJECT_VERSION = 1;
				DEVELOPMENT_TEAM = 89VT57Z7HA;
				GENERATE_INFOPLIST_FILE = YES;
				INFOPLIST_FILE = SampleWebApp/Info.plist;
				INFOPLIST_KEY_UIApplicationSupportsIndirectInputEvents = YES;
				INFOPLIST_KEY_UILaunchStoryboardName = LaunchScreen;
				INFOPLIST_KEY_UIMainStoryboardFile = Main;
				INFOPLIST_KEY_UISupportedInterfaceOrientations_iPad = "UIInterfaceOrientationPortrait UIInterfaceOrientationPortraitUpsideDown UIInterfaceOrientationLandscapeLeft UIInterfaceOrientationLandscapeRight";
				INFOPLIST_KEY_UISupportedInterfaceOrientations_iPhone = "UIInterfaceOrientationPortrait UIInterfaceOrientationLandscapeLeft UIInterfaceOrientationLandscapeRight";
				IPHONEOS_DEPLOYMENT_TARGET = 15.0;
				LD_RUNPATH_SEARCH_PATHS = (
					"$(inherited)",
					"@executable_path/Frameworks",
				);
				MARKETING_VERSION = 1.0;
				PRODUCT_BUNDLE_IDENTIFIER = com.sequoia.ios.sequoiaapp.adhoc;
				PRODUCT_NAME = "$(TARGET_NAME)";
				SWIFT_EMIT_LOC_STRINGS = YES;
				SWIFT_VERSION = 5.0;
				TARGETED_DEVICE_FAMILY = "1,2";
			};
			name = Debug;
		};
		ECAF252729C9AF720020F822 /* Release */ = {
			isa = XCBuildConfiguration;
			buildSettings = {
				ASSETCATALOG_COMPILER_APPICON_NAME = AppIcon;
				ASSETCATALOG_COMPILER_GLOBAL_ACCENT_COLOR_NAME = AccentColor;
				CODE_SIGN_STYLE = Automatic;
				CURRENT_PROJECT_VERSION = 1;
				DEVELOPMENT_TEAM = 89VT57Z7HA;
				GENERATE_INFOPLIST_FILE = YES;
				INFOPLIST_FILE = SampleWebApp/Info.plist;
				INFOPLIST_KEY_UIApplicationSupportsIndirectInputEvents = YES;
				INFOPLIST_KEY_UILaunchStoryboardName = LaunchScreen;
				INFOPLIST_KEY_UIMainStoryboardFile = Main;
				INFOPLIST_KEY_UISupportedInterfaceOrientations_iPad = "UIInterfaceOrientationPortrait UIInterfaceOrientationPortraitUpsideDown UIInterfaceOrientationLandscapeLeft UIInterfaceOrientationLandscapeRight";
				INFOPLIST_KEY_UISupportedInterfaceOrientations_iPhone = "UIInterfaceOrientationPortrait UIInterfaceOrientationLandscapeLeft UIInterfaceOrientationLandscapeRight";
				IPHONEOS_DEPLOYMENT_TARGET = 15.0;
				LD_RUNPATH_SEARCH_PATHS = (
					"$(inherited)",
					"@executable_path/Frameworks",
				);
				MARKETING_VERSION = 1.0;
				PRODUCT_BUNDLE_IDENTIFIER = com.sequoia.ios.sequoiaapp.adhoc;
				PRODUCT_NAME = "$(TARGET_NAME)";
				SWIFT_EMIT_LOC_STRINGS = YES;
				SWIFT_VERSION = 5.0;
				TARGETED_DEVICE_FAMILY = "1,2";
			};
			name = Release;
		};
/* End XCBuildConfiguration section */

/* Begin XCConfigurationList section */
		ECAF250C29C9AF6E0020F822 /* Build configuration list for PBXProject "SampleWebApp" */ = {
			isa = XCConfigurationList;
			buildConfigurations = (
				ECAF252329C9AF720020F822 /* Debug */,
				ECAF252429C9AF720020F822 /* Release */,
			);
			defaultConfigurationIsVisible = 0;
			defaultConfigurationName = Release;
		};
		ECAF252529C9AF720020F822 /* Build configuration list for PBXNativeTarget "SampleWebApp" */ = {
			isa = XCConfigurationList;
			buildConfigurations = (
				ECAF252629C9AF720020F822 /* Debug */,
				ECAF252729C9AF720020F822 /* Release */,
			);
			defaultConfigurationIsVisible = 0;
			defaultConfigurationName = Release;
		};
/* End XCConfigurationList section */

/* Begin XCRemoteSwiftPackageReference section */
		ECFC6F7F29DC302B001934B2 /* XCRemoteSwiftPackageReference "ZipArchive" */ = {
			isa = XCRemoteSwiftPackageReference;
			repositoryURL = "https://github.com/ZipArchive/ZipArchive.git";
			requirement = {
				kind = upToNextMajorVersion;
				minimumVersion = 2.0.0;
			};
		};
/* End XCRemoteSwiftPackageReference section */

/* Begin XCSwiftPackageProductDependency section */
		ECFC6F8029DC302B001934B2 /* ZipArchive */ = {
			isa = XCSwiftPackageProductDependency;
			package = ECFC6F7F29DC302B001934B2 /* XCRemoteSwiftPackageReference "ZipArchive" */;
			productName = ZipArchive;
		};
/* End XCSwiftPackageProductDependency section */
	};
	rootObject = ECAF250929C9AF6E0020F822 /* Project object */;
}
